
Microsoft Visual Studio Solution File, Format Version 12.00
# Visual Studio Version 17
VisualStudioVersion = 17.3.32901.215
MinimumVisualStudioVersion = 10.0.40219.1
Project("{9A19103F-16F7-4668-BE54-9A1E7A4F7556}") = "BankWebAPI", "BankWebAPI.csproj", "{3FB838E7-A448-4D05-B11F-79088D3F1281}"
EndProject
Project("{9A19103F-16F7-4668-BE54-9A1E7A4F7556}") = "BankWebAPI.ClassLibrary", "..\BankWebAPI.ClassLibrary\BankWebAPI.ClassLibrary.csproj", "{E8FA5342-768E-4ED7-9228-B05B4AAC2EB8}"
EndProject
Project("{9A19103F-16F7-4668-BE54-9A1E7A4F7556}") = "BankWebAPI.DatabaseUpdater", "..\BankWebAPI.DatabaseUpdater\BankWebAPI.DatabaseUpdater.csproj", "{392B50D1-53CA-4F9B-878E-3674A67F20C8}"
EndProject
Global
	GlobalSection(SolutionConfigurationPlatforms) = preSolution
		Debug|Any CPU = Debug|Any CPU
		Release|Any CPU = Release|Any CPU
	EndGlobalSection
	GlobalSection(ProjectConfigurationPlatforms) = postSolution
		{3FB838E7-A448-4D05-B11F-79088D3F1281}.Debug|Any CPU.ActiveCfg = Debug|Any CPU
		{3FB838E7-A448-4D05-B11F-79088D3F1281}.Debug|Any CPU.Build.0 = Debug|Any CPU
		{3FB838E7-A448-4D05-B11F-79088D3F1281}.Release|Any CPU.ActiveCfg = Release|Any CPU
		{3FB838E7-A448-4D05-B11F-79088D3F1281}.Release|Any CPU.Build.0 = Release|Any CPU
		{E8FA5342-768E-4ED7-9228-B05B4AAC2EB8}.Debug|Any CPU.ActiveCfg = Debug|Any CPU
		{E8FA5342-768E-4ED7-9228-B05B4AAC2EB8}.Debug|Any CPU.Build.0 = Debug|Any CPU
		{E8FA5342-768E-4ED7-9228-B05B4AAC2EB8}.Release|Any CPU.ActiveCfg = Release|Any CPU
		{E8FA5342-768E-4ED7-9228-B05B4AAC2EB8}.Release|Any CPU.Build.0 = Release|Any CPU
		{392B50D1-53CA-4F9B-878E-3674A67F20C8}.Debug|Any CPU.ActiveCfg = Debug|Any CPU
		{392B50D1-53CA-4F9B-878E-3674A67F20C8}.Debug|Any CPU.Build.0 = Debug|Any CPU
		{392B50D1-53CA-4F9B-878E-3674A67F20C8}.Release|Any CPU.ActiveCfg = Release|Any CPU
		{392B50D1-53CA-4F9B-878E-3674A67F20C8}.Release|Any CPU.Build.0 = Release|Any CPU
	EndGlobalSection
	GlobalSection(SolutionProperties) = preSolution
		HideSolutionNode = FALSE
	EndGlobalSection
	GlobalSection(ExtensibilityGlobals) = postSolution
		SolutionGuid = {1DEE7F17-4E76-4994-B6D3-061A5EA45A0F}
	EndGlobalSection
EndGlobal
